
Microsoft Visual Studio Solution File, Format Version 12.00
# Visual Studio 15
VisualStudioVersion = 15.0.26430.16
MinimumVisualStudioVersion = 10.0.40219.1
Project("{FAE04EC0-301F-11D3-BF4B-00C04F79EFBC}") = "IntegerTypes", "IntegerTypes\IntegerTypes.csproj", "{C53620D9-ADA1-433C-960E-07BAC1849E3F}"
EndProject
Project("{FAE04EC0-301F-11D3-BF4B-00C04F79EFBC}") = "RealNumberTypes", "RealNumberTypes\RealNumberTypes.csproj", "{7167D0CF-B1B6-4DAC-9CEF-707024A060E0}"
EndProject
Project("{FAE04EC0-301F-11D3-BF4B-00C04F79EFBC}") = "BigPower", "BigPower\BigPower.csproj", "{9B3F02D1-6F53-4B17-AFFD-E9539DD2D683}"
EndProject
Project("{FAE04EC0-301F-11D3-BF4B-00C04F79EFBC}") = "AnonymousDownsite", "AnonymousDownsite\AnonymousDownsite.csproj", "{6771369C-A0E5-4F2E-A679-0D40474F6351}"
EndProject
Project("{FAE04EC0-301F-11D3-BF4B-00C04F79EFBC}") = "HornetWings", "HornetWings\HornetWings.csproj", "{38551209-5EE4-4391-8B3B-286C92775846}"
EndProject
Project("{FAE04EC0-301F-11D3-BF4B-00C04F79EFBC}") = "PokeMon", "PokeMon\PokeMon.csproj", "{72225B5D-E5E1-4826-A831-83F66A130825}"
EndProject
Project("{FAE04EC0-301F-11D3-BF4B-00C04F79EFBC}") = "Resurrection", "Ressurection\Resurrection.csproj", "{3067965A-7022-437D-A40B-AF0E01282C6A}"
EndProject
Project("{FAE04EC0-301F-11D3-BF4B-00C04F79EFBC}") = "WormTest", "WormTest\WormTest.csproj", "{436843AF-AD93-4705-A71B-0A7594069174}"
EndProject
Project("{FAE04EC0-301F-11D3-BF4B-00C04F79EFBC}") = "CharityMarathon", "CharityMarathon\CharityMarathon.csproj", "{57986A3F-E890-4329-BA6A-77235EF9A3A4}"
EndProject
Project("{FAE04EC0-301F-11D3-BF4B-00C04F79EFBC}") = "MelrahShake", "MelrahShake\MelrahShake.csproj", "{489AD0A8-7E42-4BF7-B39A-8955A1AF7CAD}"
EndProject
Project("{FAE04EC0-301F-11D3-BF4B-00C04F79EFBC}") = "SinoTheWalker", "SinoTheWalker\SinoTheWalker.csproj", "{DE9E5A56-9FD1-4636-8FAC-9566B5251917}"
EndProject
Project("{FAE04EC0-301F-11D3-BF4B-00C04F79EFBC}") = "SoftUniCoffeeOrders", "SoftUniCoffeeOrders\SoftUniCoffeeOrders.csproj", "{20D47909-9E96-4834-AA73-169B8385FC6C}"
EndProject
Project("{FAE04EC0-301F-11D3-BF4B-00C04F79EFBC}") = "SplinterTrip", "SplinterTrip\SplinterTrip.csproj", "{F30E82FE-7FEE-41E4-8538-087740A72007}"
EndProject
Project("{FAE04EC0-301F-11D3-BF4B-00C04F79EFBC}") = "SweetDessert", "SweetDessert\SweetDessert.csproj", "{3782333E-D334-4D31-AD71-9F8525735F59}"
EndProject
Project("{FAE04EC0-301F-11D3-BF4B-00C04F79EFBC}") = "Trainers", "Trainers\Trainers.csproj", "{5738F933-DC48-4192-97E6-327B18CCA01A}"
EndProject
Project("{FAE04EC0-301F-11D3-BF4B-00C04F79EFBC}") = "Raindrops-MyExam", "Raindrops-MyExam\Raindrops-MyExam.csproj", "{C0E10479-9705-4AD1-948C-654493B72B7A}"
EndProject
Global
	GlobalSection(SolutionConfigurationPlatforms) = preSolution
		Debug|Any CPU = Debug|Any CPU
		Release|Any CPU = Release|Any CPU
	EndGlobalSection
	GlobalSection(ProjectConfigurationPlatforms) = postSolution
		{C53620D9-ADA1-433C-960E-07BAC1849E3F}.Debug|Any CPU.ActiveCfg = Debug|Any CPU
		{C53620D9-ADA1-433C-960E-07BAC1849E3F}.Debug|Any CPU.Build.0 = Debug|Any CPU
		{C53620D9-ADA1-433C-960E-07BAC1849E3F}.Release|Any CPU.ActiveCfg = Release|Any CPU
		{C53620D9-ADA1-433C-960E-07BAC1849E3F}.Release|Any CPU.Build.0 = Release|Any CPU
		{7167D0CF-B1B6-4DAC-9CEF-707024A060E0}.Debug|Any CPU.ActiveCfg = Debug|Any CPU
		{7167D0CF-B1B6-4DAC-9CEF-707024A060E0}.Debug|Any CPU.Build.0 = Debug|Any CPU
		{7167D0CF-B1B6-4DAC-9CEF-707024A060E0}.Release|Any CPU.ActiveCfg = Release|Any CPU
		{7167D0CF-B1B6-4DAC-9CEF-707024A060E0}.Release|Any CPU.Build.0 = Release|Any CPU
		{9B3F02D1-6F53-4B17-AFFD-E9539DD2D683}.Debug|Any CPU.ActiveCfg = Debug|Any CPU
		{9B3F02D1-6F53-4B17-AFFD-E9539DD2D683}.Debug|Any CPU.Build.0 = Debug|Any CPU
		{9B3F02D1-6F53-4B17-AFFD-E9539DD2D683}.Release|Any CPU.ActiveCfg = Release|Any CPU
		{9B3F02D1-6F53-4B17-AFFD-E9539DD2D683}.Release|Any CPU.Build.0 = Release|Any CPU
		{6771369C-A0E5-4F2E-A679-0D40474F6351}.Debug|Any CPU.ActiveCfg = Debug|Any CPU
		{6771369C-A0E5-4F2E-A679-0D40474F6351}.Debug|Any CPU.Build.0 = Debug|Any CPU
		{6771369C-A0E5-4F2E-A679-0D40474F6351}.Release|Any CPU.ActiveCfg = Release|Any CPU
		{6771369C-A0E5-4F2E-A679-0D40474F6351}.Release|Any CPU.Build.0 = Release|Any CPU
		{38551209-5EE4-4391-8B3B-286C92775846}.Debug|Any CPU.ActiveCfg = Debug|Any CPU
		{38551209-5EE4-4391-8B3B-286C92775846}.Debug|Any CPU.Build.0 = Debug|Any CPU
		{38551209-5EE4-4391-8B3B-286C92775846}.Release|Any CPU.ActiveCfg = Release|Any CPU
		{38551209-5EE4-4391-8B3B-286C92775846}.Release|Any CPU.Build.0 = Release|Any CPU
		{72225B5D-E5E1-4826-A831-83F66A130825}.Debug|Any CPU.ActiveCfg = Debug|Any CPU
		{72225B5D-E5E1-4826-A831-83F66A130825}.Debug|Any CPU.Build.0 = Debug|Any CPU
		{72225B5D-E5E1-4826-A831-83F66A130825}.Release|Any CPU.ActiveCfg = Release|Any CPU
		{72225B5D-E5E1-4826-A831-83F66A130825}.Release|Any CPU.Build.0 = Release|Any CPU
		{3067965A-7022-437D-A40B-AF0E01282C6A}.Debug|Any CPU.ActiveCfg = Debug|Any CPU
		{3067965A-7022-437D-A40B-AF0E01282C6A}.Debug|Any CPU.Build.0 = Debug|Any CPU
		{3067965A-7022-437D-A40B-AF0E01282C6A}.Release|Any CPU.ActiveCfg = Release|Any CPU
		{3067965A-7022-437D-A40B-AF0E01282C6A}.Release|Any CPU.Build.0 = Release|Any CPU
		{436843AF-AD93-4705-A71B-0A7594069174}.Debug|Any CPU.ActiveCfg = Debug|Any CPU
		{436843AF-AD93-4705-A71B-0A7594069174}.Debug|Any CPU.Build.0 = Debug|Any CPU
		{436843AF-AD93-4705-A71B-0A7594069174}.Release|Any CPU.ActiveCfg = Release|Any CPU
		{436843AF-AD93-4705-A71B-0A7594069174}.Release|Any CPU.Build.0 = Release|Any CPU
		{57986A3F-E890-4329-BA6A-77235EF9A3A4}.Debug|Any CPU.ActiveCfg = Debug|Any CPU
		{57986A3F-E890-4329-BA6A-77235EF9A3A4}.Debug|Any CPU.Build.0 = Debug|Any CPU
		{57986A3F-E890-4329-BA6A-77235EF9A3A4}.Release|Any CPU.ActiveCfg = Release|Any CPU
		{57986A3F-E890-4329-BA6A-77235EF9A3A4}.Release|Any CPU.Build.0 = Release|Any CPU
		{489AD0A8-7E42-4BF7-B39A-8955A1AF7CAD}.Debug|Any CPU.ActiveCfg = Debug|Any CPU
		{489AD0A8-7E42-4BF7-B39A-8955A1AF7CAD}.Debug|Any CPU.Build.0 = Debug|Any CPU
		{489AD0A8-7E42-4BF7-B39A-8955A1AF7CAD}.Release|Any CPU.ActiveCfg = Release|Any CPU
		{489AD0A8-7E42-4BF7-B39A-8955A1AF7CAD}.Release|Any CPU.Build.0 = Release|Any CPU
		{DE9E5A56-9FD1-4636-8FAC-9566B5251917}.Debug|Any CPU.ActiveCfg = Debug|Any CPU
		{DE9E5A56-9FD1-4636-8FAC-9566B5251917}.Debug|Any CPU.Build.0 = Debug|Any CPU
		{DE9E5A56-9FD1-4636-8FAC-9566B5251917}.Release|Any CPU.ActiveCfg = Release|Any CPU
		{DE9E5A56-9FD1-4636-8FAC-9566B5251917}.Release|Any CPU.Build.0 = Release|Any CPU
		{20D47909-9E96-4834-AA73-169B8385FC6C}.Debug|Any CPU.ActiveCfg = Debug|Any CPU
		{20D47909-9E96-4834-AA73-169B8385FC6C}.Debug|Any CPU.Build.0 = Debug|Any CPU
		{20D47909-9E96-4834-AA73-169B8385FC6C}.Release|Any CPU.ActiveCfg = Release|Any CPU
		{20D47909-9E96-4834-AA73-169B8385FC6C}.Release|Any CPU.Build.0 = Release|Any CPU
		{F30E82FE-7FEE-41E4-8538-087740A72007}.Debug|Any CPU.ActiveCfg = Debug|Any CPU
		{F30E82FE-7FEE-41E4-8538-087740A72007}.Debug|Any CPU.Build.0 = Debug|Any CPU
		{F30E82FE-7FEE-41E4-8538-087740A72007}.Release|Any CPU.ActiveCfg = Release|Any CPU
		{F30E82FE-7FEE-41E4-8538-087740A72007}.Release|Any CPU.Build.0 = Release|Any CPU
		{3782333E-D334-4D31-AD71-9F8525735F59}.Debug|Any CPU.ActiveCfg = Debug|Any CPU
		{3782333E-D334-4D31-AD71-9F8525735F59}.Debug|Any CPU.Build.0 = Debug|Any CPU
		{3782333E-D334-4D31-AD71-9F8525735F59}.Release|Any CPU.ActiveCfg = Release|Any CPU
		{3782333E-D334-4D31-AD71-9F8525735F59}.Release|Any CPU.Build.0 = Release|Any CPU
		{5738F933-DC48-4192-97E6-327B18CCA01A}.Debug|Any CPU.ActiveCfg = Debug|Any CPU
		{5738F933-DC48-4192-97E6-327B18CCA01A}.Debug|Any CPU.Build.0 = Debug|Any CPU
		{5738F933-DC48-4192-97E6-327B18CCA01A}.Release|Any CPU.ActiveCfg = Release|Any CPU
		{5738F933-DC48-4192-97E6-327B18CCA01A}.Release|Any CPU.Build.0 = Release|Any CPU
		{C0E10479-9705-4AD1-948C-654493B72B7A}.Debug|Any CPU.ActiveCfg = Debug|Any CPU
		{C0E10479-9705-4AD1-948C-654493B72B7A}.Debug|Any CPU.Build.0 = Debug|Any CPU
		{C0E10479-9705-4AD1-948C-654493B72B7A}.Release|Any CPU.ActiveCfg = Release|Any CPU
		{C0E10479-9705-4AD1-948C-654493B72B7A}.Release|Any CPU.Build.0 = Release|Any CPU
	EndGlobalSection
	GlobalSection(SolutionProperties) = preSolution
		HideSolutionNode = FALSE
	EndGlobalSection
EndGlobal
